
Microsoft Visual Studio Solution File, Format Version 12.00
# Visual Studio Version 16
VisualStudioVersion = 16.0.32106.194
MinimumVisualStudioVersion = 10.0.40219.1
Project("{FAE04EC0-301F-11D3-BF4B-00C04F79EFBC}") = "Digital-Pocket-Monster", "Digital-Pocket-Monster.csproj", "{154B19F1-C358-431B-9DAE-DF4F7C7635CF}"
EndProject
Global
	GlobalSection(SolutionConfigurationPlatforms) = preSolution
		Debug|Any CPU = Debug|Any CPU
		Release|Any CPU = Release|Any CPU
	EndGlobalSection
	GlobalSection(ProjectConfigurationPlatforms) = postSolution
		{154B19F1-C358-431B-9DAE-DF4F7C7635CF}.Debug|Any CPU.ActiveCfg = Debug|Any CPU
		{154B19F1-C358-431B-9DAE-DF4F7C7635CF}.Debug|Any CPU.Build.0 = Debug|Any CPU
		{154B19F1-C358-431B-9DAE-DF4F7C7635CF}.Release|Any CPU.ActiveCfg = Release|Any CPU
		{154B19F1-C358-431B-9DAE-DF4F7C7635CF}.Release|Any CPU.Build.0 = Release|Any CPU
	EndGlobalSection
	GlobalSection(SolutionProperties) = preSolution
		HideSolutionNode = FALSE
	EndGlobalSection
	GlobalSection(ExtensibilityGlobals) = postSolution
		SolutionGuid = {F2D75216-1EC8-4ACB-8372-FC868154E8F9}
	EndGlobalSection
EndGlobal
